
Microsoft Visual Studio Solution File, Format Version 12.00
# Visual Studio Version 16
VisualStudioVersion = 16.6.30114.105
MinimumVisualStudioVersion = 10.0.40219.1
Project("{FAE04EC0-301F-11D3-BF4B-00C04F79EFBC}") = "DPScripts", "DynamicPatcher\DPScripts.csproj", "{12345B18-2FE0-40FB-9766-558DD7BA944A}"
EndProject
Global
	GlobalSection(SolutionConfigurationPlatforms) = preSolution
		Debug|Any CPU = Debug|Any CPU
		Release|Any CPU = Release|Any CPU
	EndGlobalSection
	GlobalSection(ProjectConfigurationPlatforms) = postSolution
		{12345B18-2FE0-40FB-9766-558DD7BA944A}.Debug|Any CPU.ActiveCfg = Debug|Any CPU
		{12345B18-2FE0-40FB-9766-558DD7BA944A}.Debug|Any CPU.Build.0 = Debug|Any CPU
		{12345B18-2FE0-40FB-9766-558DD7BA944A}.Release|Any CPU.ActiveCfg = Debug|Any CPU
		{12345B18-2FE0-40FB-9766-558DD7BA944A}.Release|Any CPU.Build.0 = Debug|Any CPU
	EndGlobalSection
	GlobalSection(SolutionProperties) = preSolution
		HideSolutionNode = FALSE
	EndGlobalSection
	GlobalSection(ExtensibilityGlobals) = postSolution
		SolutionGuid = {CE159307-2821-474B-A28E-58320A3BA678}
	EndGlobalSection
EndGlobal
